
Microsoft Visual Studio Solution File, Format Version 12.00
Project("{FAE04EC0-301F-11D3-BF4B-00C04F79EFBC}") = "Common", "Common\Common.csproj", "{6FCBB2DA-C131-4207-878B-B69B5101A25C}"
EndProject
Project("{2150E333-8FDC-42A3-9474-1A3956D46DE8}") = "Solution Items", "Solution Items", "{56E869FB-D718-421C-85DF-07291F1F47C6}"
	ProjectSection(SolutionItems) = preProject
		Directory.Build.props = Directory.Build.props
		GlobalAssemblyInfo.cs = GlobalAssemblyInfo.cs
		..\CHANGELOG.md = ..\CHANGELOG.md
		..\README_DERIVATIVE.md = ..\README_DERIVATIVE.md
	EndProjectSection
EndProject
Project("{2150E333-8FDC-42A3-9474-1A3956D46DE8}") = "Tests", "Tests", "{508E7DA4-4DF2-4201-955D-CCF70C41AD05}"
EndProject
Project("{FAE04EC0-301F-11D3-BF4B-00C04F79EFBC}") = "Common.UnitTests", "Common.UnitTests\Common.UnitTests.csproj", "{F5C77A86-38AF-40E4-82FC-617E624B2754}"
EndProject
Project("{FAE04EC0-301F-11D3-BF4B-00C04F79EFBC}") = "UnitTesting.Common", "UnitTesting.Common\UnitTesting.Common.csproj", "{7154EBD1-642F-4161-AA25-F1DE82E6930E}"
EndProject
Project("{2150E333-8FDC-42A3-9474-1A3956D46DE8}") = "Common", "Common", "{9270A12C-E16F-4932-89C4-F4ADDDA55AF3}"
EndProject
Project("{2150E333-8FDC-42A3-9474-1A3956D46DE8}") = "Subdomains", "Subdomains", "{864DED88-9252-46EB-9D13-00269C7333F9}"
EndProject
Project("{2150E333-8FDC-42A3-9474-1A3956D46DE8}") = "Cars", "Cars", "{57FDFB31-D6B6-4369-A78C-6F3D3AEA0D79}"
EndProject
Project("{2150E333-8FDC-42A3-9474-1A3956D46DE8}") = "Core", "Core", "{33E2D4C7-525A-41CE-858C-F6A944160618}"
EndProject
Project("{2150E333-8FDC-42A3-9474-1A3956D46DE8}") = "EndUsers", "EndUsers", "{806F1A7A-5D96-44ED-A9D9-C61660DD5488}"
EndProject
Project("{2150E333-8FDC-42A3-9474-1A3956D46DE8}") = "Organizations", "Organizations", "{2FFC0771-965C-4C3F-9E42-AD871D7EF463}"
EndProject
Project("{2150E333-8FDC-42A3-9474-1A3956D46DE8}") = "Profiles", "Profiles", "{8BB22358-7F43-462F-B26E-D83B9A4711CC}"
EndProject
Project("{2150E333-8FDC-42A3-9474-1A3956D46DE8}") = "Subscriptions", "Subscriptions", "{124D8FF5-43D1-4019-B07C-7F55DC4A1807}"
EndProject
Project("{2150E333-8FDC-42A3-9474-1A3956D46DE8}") = "Ancillary", "Ancillary", "{DC9FFCBD-F591-401C-8D5F-6643CF2C1D19}"
EndProject
Project("{2150E333-8FDC-42A3-9474-1A3956D46DE8}") = "Bookings", "Bookings", "{8BD4E8A7-95BE-43EA-8627-A002D440DFDF}"
EndProject
Project("{2150E333-8FDC-42A3-9474-1A3956D46DE8}") = "AuthN", "AuthN", "{8B850C5F-D5AB-4992-B343-6501A70ED801}"
EndProject
Project("{2150E333-8FDC-42A3-9474-1A3956D46DE8}") = "Workers", "Workers", "{FE0D2E76-EFF3-4CD4-917A-19CE35874F32}"
EndProject
Project("{2150E333-8FDC-42A3-9474-1A3956D46DE8}") = "Images", "Images", "{ABB5758C-648C-4B18-B261-67510E696545}"
EndProject
Project("{2150E333-8FDC-42A3-9474-1A3956D46DE8}") = "Application", "Application", "{BA1AEAEC-68CD-4855-A8CB-0DC2070B6A8C}"
EndProject
Project("{2150E333-8FDC-42A3-9474-1A3956D46DE8}") = "Domain", "Domain", "{B0C34F8B-61ED-45D9-A21F-92D9219F429F}"
EndProject
Project("{2150E333-8FDC-42A3-9474-1A3956D46DE8}") = "Infrastructure", "Infrastructure", "{0358DED1-114C-4EFB-98C7-3D6B50A127DF}"
EndProject
Project("{2150E333-8FDC-42A3-9474-1A3956D46DE8}") = "Testing", "Testing", "{5838EE94-374F-4A6F-A231-1BC1C87985F4}"
EndProject
Project("{2150E333-8FDC-42A3-9474-1A3956D46DE8}") = "Storage", "Storage", "{E78C7FBE-ADD0-4124-A273-5D5AC0C02B27}"
EndProject
Project("{2150E333-8FDC-42A3-9474-1A3956D46DE8}") = "Web", "Web", "{B68592DF-E8E8-452A-A46F-5C8ECB178FDF}"
EndProject
Project("{FAE04EC0-301F-11D3-BF4B-00C04F79EFBC}") = "Infrastructure.Web.Api.Common", "Infrastructure.Web.Api.Common\Infrastructure.Web.Api.Common.csproj", "{E343B553-2D44-4BA2-AEF0-3B1F7D2DBCF3}"
EndProject
Project("{FAE04EC0-301F-11D3-BF4B-00C04F79EFBC}") = "Infrastructure.Web.Api.Interfaces", "Infrastructure.Web.Api.Interfaces\Infrastructure.Web.Api.Interfaces.csproj", "{F9B4357E-7FD0-45FA-87B9-44D7EEB974C5}"
EndProject
Project("{FAE04EC0-301F-11D3-BF4B-00C04F79EFBC}") = "ApiHost1", "ApiHost1\ApiHost1.csproj", "{AC380EA5-16A1-4713-99B4-F259F5397F30}"
EndProject
Project("{FAE04EC0-301F-11D3-BF4B-00C04F79EFBC}") = "CarsApplication", "CarsApplication\CarsApplication.csproj", "{1B29051C-EE8E-4699-94DD-B2502C7A54C9}"
EndProject
Project("{FAE04EC0-301F-11D3-BF4B-00C04F79EFBC}") = "Infrastructure.Web.Api.IntegrationTests", "Infrastructure.Web.Api.IntegrationTests\Infrastructure.Web.Api.IntegrationTests.csproj", "{AE57212B-9A30-4577-A795-7B411621BCDA}"
EndProject
Project("{FAE04EC0-301F-11D3-BF4B-00C04F79EFBC}") = "CarsApi", "CarsApi\CarsApi.csproj", "{B76CF102-CE56-4321-9060-F81E63B982D6}"
EndProject
Project("{FAE04EC0-301F-11D3-BF4B-00C04F79EFBC}") = "Application.Interfaces", "Application.Interfaces\Application.Interfaces.csproj", "{23FF9513-1B26-41F4-A7FE-1D8A9F0808AE}"
EndProject
Project("{FAE04EC0-301F-11D3-BF4B-00C04F79EFBC}") = "IntegrationTesting.WebApi.Common", "IntegrationTesting.WebApi.Common\IntegrationTesting.WebApi.Common.csproj", "{A7CA7AD7-70CA-43F0-BE73-75A01342D571}"
EndProject
Project("{FAE04EC0-301F-11D3-BF4B-00C04F79EFBC}") = "Tools.Generators.WebApi", "Tools.Generators.WebApi\Tools.Generators.WebApi.csproj", "{7AB39FD6-660F-4400-9955-B92684378492}"
EndProject
Project("{2150E333-8FDC-42A3-9474-1A3956D46DE8}") = "Tests", "Tests", "{19ADDB2F-B589-49EF-9BDA-BD9908057D60}"
EndProject
Project("{FAE04EC0-301F-11D3-BF4B-00C04F79EFBC}") = "Infrastructure.Web.Api.Common.UnitTests", "Infrastructure.Web.Api.Common.UnitTests\Infrastructure.Web.Api.Common.UnitTests.csproj", "{4CF7C7E2-C95D-4440-9ECF-5D1CE2A46D7A}"
EndProject
Project("{2150E333-8FDC-42A3-9474-1A3956D46DE8}") = "Tests", "Tests", "{865285E7-B20A-41D8-935F-D3A31C91A0D6}"
EndProject
Project("{FAE04EC0-301F-11D3-BF4B-00C04F79EFBC}") = "CarsApi.IntegrationTests", "CarsApi.IntegrationTests\CarsApi.IntegrationTests.csproj", "{9D8B0C66-59ED-4D86-8F9A-9C38FA5A38DE}"
EndProject
Project("{FAE04EC0-301F-11D3-BF4B-00C04F79EFBC}") = "Infrastructure.Common", "Infrastructure.Common\Infrastructure.Common.csproj", "{E569DCF1-592A-4504-A198-62F0F6CC850C}"
EndProject
Project("{FAE04EC0-301F-11D3-BF4B-00C04F79EFBC}") = "CarsApi.UnitTests", "CarsApi.UnitTests\CarsApi.UnitTests.csproj", "{73F951E1-8582-4548-8768-02A446120CD5}"
EndProject
Project("{FAE04EC0-301F-11D3-BF4B-00C04F79EFBC}") = "Domain.Interfaces", "Domain.Interfaces\Domain.Interfaces.csproj", "{D05B42D9-4E6D-4CE0-B084-94133D1A8CF1}"
EndProject
Project("{2150E333-8FDC-42A3-9474-1A3956D46DE8}") = "Tests", "Tests", "{5B6DE1D9-649A-47EE-A565-0B641B7838FF}"
EndProject
Project("{FAE04EC0-301F-11D3-BF4B-00C04F79EFBC}") = "Application.Interfaces.UnitTests", "Application.Interfaces.UnitTests\Application.Interfaces.UnitTests.csproj", "{320AA12E-84F4-4021-A859-C663342BA646}"
EndProject
Project("{2150E333-8FDC-42A3-9474-1A3956D46DE8}") = "Tests", "Tests", "{6F47718F-2CA7-46CD-AEAC-556853EE115A}"
EndProject
Project("{FAE04EC0-301F-11D3-BF4B-00C04F79EFBC}") = "Domain.Interfaces.UnitTests", "Domain.Interfaces.UnitTests\Domain.Interfaces.UnitTests.csproj", "{4F5ED64B-C08C-439E-A788-B8A320AC43F1}"
EndProject
Project("{FAE04EC0-301F-11D3-BF4B-00C04F79EFBC}") = "Domain.Common", "Domain.Common\Domain.Common.csproj", "{645147FC-CC9C-41FA-97BA-B68CAB079389}"
EndProject
Project("{FAE04EC0-301F-11D3-BF4B-00C04F79EFBC}") = "Application.Common", "Application.Common\Application.Common.csproj", "{2BA7F5E5-7E4C-45D0-BA71-948814133D4F}"
EndProject
Project("{FAE04EC0-301F-11D3-BF4B-00C04F79EFBC}") = "Infrastructure.Interfaces", "Infrastructure.Interfaces\Infrastructure.Interfaces.csproj", "{D4E44221-BAA9-4E42-8A87-96A3D5BDEA8D}"
EndProject
Project("{FAE04EC0-301F-11D3-BF4B-00C04F79EFBC}") = "Domain.Common.UnitTests", "Domain.Common.UnitTests\Domain.Common.UnitTests.csproj", "{DBDBE926-39DC-423D-9C7E-17664CA672CB}"
EndProject
Project("{FAE04EC0-301F-11D3-BF4B-00C04F79EFBC}") = "CarsDomain", "CarsDomain\CarsDomain.csproj", "{23A93A15-21B8-4CA5-B128-1FF4B0C6A861}"
EndProject
Project("{FAE04EC0-301F-11D3-BF4B-00C04F79EFBC}") = "Application.Persistence.Interfaces", "Application.Persistence.Interfaces\Application.Persistence.Interfaces.csproj", "{F6C71F8B-AFDE-471A-B1DE-6E1E8F3499C6}"
EndProject
Project("{FAE04EC0-301F-11D3-BF4B-00C04F79EFBC}") = "CarsInfrastructure", "CarsInfrastructure\CarsInfrastructure.csproj", "{ED71C769-CDA7-4C58-B252-8218DCE3D2B5}"
EndProject
Project("{2150E333-8FDC-42A3-9474-1A3956D46DE8}") = "Tools", "Tools", "{BAE0D6F2-6920-4B02-9F30-D71B04B7170D}"
EndProject
Project("{FAE04EC0-301F-11D3-BF4B-00C04F79EFBC}") = "Tools.Analyzers.Platform", "Tools.Analyzers.Platform\Tools.Analyzers.Platform.csproj", "{DE31F486-AE81-49C0-BA00-3A6A325B7C42}"
EndProject
Project("{2150E333-8FDC-42A3-9474-1A3956D46DE8}") = "Tests", "Tests", "{A25A3BA8-5602-4825-9595-2CF96B166920}"
EndProject
Project("{FAE04EC0-301F-11D3-BF4B-00C04F79EFBC}") = "Tools.Analyzers.Platform.UnitTests", "Tools.Analyzers.Platform.UnitTests\Tools.Analyzers.Platform.UnitTests.csproj", "{3E6AA34C-02F9-4B8B-8307-FC9CA25DB7AD}"
EndProject
Project("{2150E333-8FDC-42A3-9474-1A3956D46DE8}") = "Generic", "Generic", "{3D4737A4-7C63-428F-946A-9D0C091CEEF9}"
EndProject
Project("{2150E333-8FDC-42A3-9474-1A3956D46DE8}") = "Hosts", "Hosts", "{4B1A213C-36A7-41A7-BFC7-B3CFF5795912}"
EndProject
Project("{FAE04EC0-301F-11D3-BF4B-00C04F79EFBC}") = "Tools.Templates", "Tools.Templates\Tools.Templates.csproj", "{CDA1C120-6847-4486-863D-875E47291A50}"
EndProject
Project("{FAE04EC0-301F-11D3-BF4B-00C04F79EFBC}") = "Application.Common.UnitTests", "Application.Common.UnitTests\Application.Common.UnitTests.csproj", "{A67A4EA1-58CF-41ED-AEED-591D4A8A0633}"
EndProject
Project("{FAE04EC0-301F-11D3-BF4B-00C04F79EFBC}") = "Tools.Generators.WebApi.UnitTests", "Tools.Generators.WebApi.UnitTests\Tools.Generators.WebApi.UnitTests.csproj", "{64762CCC-834E-47C9-AFAD-B88DB80E3FF8}"
EndProject
Project("{FAE04EC0-301F-11D3-BF4B-00C04F79EFBC}") = "Infrastructure.Common.UnitTests", "Infrastructure.Common.UnitTests\Infrastructure.Common.UnitTests.csproj", "{6E32D6FE-E53F-4D40-9644-8F3B19EC094C}"
EndProject
Project("{FAE04EC0-301F-11D3-BF4B-00C04F79EFBC}") = "Infrastructure.Web.Hosting.Common", "Infrastructure.Web.Hosting.Common\Infrastructure.Web.Hosting.Common.csproj", "{16B71536-8CF7-4F58-8CE3-277B8CB0FE45}"
EndProject
Project("{FAE04EC0-301F-11D3-BF4B-00C04F79EFBC}") = "Infrastructure.Web.Hosting.Common.UnitTests", "Infrastructure.Web.Hosting.Common.UnitTests\Infrastructure.Web.Hosting.Common.UnitTests.csproj", "{4BFC7B38-975F-4470-9D4C-FB95E76B9055}"
EndProject
Project("{FAE04EC0-301F-11D3-BF4B-00C04F79EFBC}") = "CarsDomain.UnitTests", "CarsDomain.UnitTests\CarsDomain.UnitTests.csproj", "{7CC2560D-4CA1-4132-BD7A-5E6A799C4F5B}"
EndProject
Project("{FAE04EC0-301F-11D3-BF4B-00C04F79EFBC}") = "CarsApplication.UnitTests", "CarsApplication.UnitTests\CarsApplication.UnitTests.csproj", "{B2D7FDB6-BD30-4D8D-86CE-E842AA78BBDD}"
EndProject
Project("{FAE04EC0-301F-11D3-BF4B-00C04F79EFBC}") = "Application.Persistence.Common", "Application.Persistence.Common\Application.Persistence.Common.csproj", "{B0E24D63-EE2C-40C4-BCC7-30A826659B41}"
EndProject
Project("{FAE04EC0-301F-11D3-BF4B-00C04F79EFBC}") = "BookingsDomain", "BookingsDomain\BookingsDomain.csproj", "{8CC62C91-E48C-43CA-97AF-953D931DED4E}"
EndProject
Project("{2150E333-8FDC-42A3-9474-1A3956D46DE8}") = "Tests", "Tests", "{3E159E21-E5F0-4734-BF90-B08BD1A47D98}"
EndProject
Project("{FAE04EC0-301F-11D3-BF4B-00C04F79EFBC}") = "BookingsDomain.UnitTests", "BookingsDomain.UnitTests\BookingsDomain.UnitTests.csproj", "{63CC56D7-EFB3-497C-90D3-969435E6812A}"
EndProject
Project("{FAE04EC0-301F-11D3-BF4B-00C04F79EFBC}") = "BookingsApplication", "BookingsApplication\BookingsApplication.csproj", "{F2A70DDF-D334-4417-9777-14F65230AB10}"
EndProject
Project("{FAE04EC0-301F-11D3-BF4B-00C04F79EFBC}") = "BookingsApplication.UnitTests", "BookingsApplication.UnitTests\BookingsApplication.UnitTests.csproj", "{EDDD4A08-994C-42C8-A462-1D70755B43F0}"
EndProject
Project("{FAE04EC0-301F-11D3-BF4B-00C04F79EFBC}") = "BookingsInfrastructure", "BookingsInfrastructure\BookingsInfrastructure.csproj", "{223B695B-3948-4D1A-B6AF-F4E7D5E7E49B}"
EndProject
Project("{FAE04EC0-301F-11D3-BF4B-00C04F79EFBC}") = "BookingsApi", "BookingsApi\BookingsApi.csproj", "{A29B100E-AC1C-4E96-9097-8FC448B86C6D}"
EndProject
Project("{FAE04EC0-301F-11D3-BF4B-00C04F79EFBC}") = "BookingsApi.UnitTests", "BookingsApi.UnitTests\BookingsApi.UnitTests.csproj", "{1D8DAC2B-2570-4F11-812C-7C7298AF06FF}"
EndProject
Project("{FAE04EC0-301F-11D3-BF4B-00C04F79EFBC}") = "BookingsApi.IntegrationTests", "BookingsApi.IntegrationTests\BookingsApi.IntegrationTests.csproj", "{82CA28A1-940C-4DD0-8046-90412FA67247}"
EndProject
Global
	GlobalSection(SolutionConfigurationPlatforms) = preSolution
		Debug|Any CPU = Debug|Any CPU
		Release|Any CPU = Release|Any CPU
		ReleaseForDeploy|Any CPU = ReleaseForDeploy|Any CPU
	EndGlobalSection
	GlobalSection(ProjectConfigurationPlatforms) = postSolution
		{6FCBB2DA-C131-4207-878B-B69B5101A25C}.Debug|Any CPU.ActiveCfg = Debug|Any CPU
		{6FCBB2DA-C131-4207-878B-B69B5101A25C}.Debug|Any CPU.Build.0 = Debug|Any CPU
		{6FCBB2DA-C131-4207-878B-B69B5101A25C}.Release|Any CPU.ActiveCfg = Release|Any CPU
		{6FCBB2DA-C131-4207-878B-B69B5101A25C}.Release|Any CPU.Build.0 = Release|Any CPU
		{6FCBB2DA-C131-4207-878B-B69B5101A25C}.ReleaseForDeploy|Any CPU.ActiveCfg = ReleaseForDeploy|Any CPU
		{6FCBB2DA-C131-4207-878B-B69B5101A25C}.ReleaseForDeploy|Any CPU.Build.0 = ReleaseForDeploy|Any CPU
		{F5C77A86-38AF-40E4-82FC-617E624B2754}.Debug|Any CPU.ActiveCfg = Debug|Any CPU
		{F5C77A86-38AF-40E4-82FC-617E624B2754}.Debug|Any CPU.Build.0 = Debug|Any CPU
		{F5C77A86-38AF-40E4-82FC-617E624B2754}.Release|Any CPU.ActiveCfg = Release|Any CPU
		{F5C77A86-38AF-40E4-82FC-617E624B2754}.Release|Any CPU.Build.0 = Release|Any CPU
		{F5C77A86-38AF-40E4-82FC-617E624B2754}.ReleaseForDeploy|Any CPU.ActiveCfg = ReleaseForDeploy|Any CPU
		{F5C77A86-38AF-40E4-82FC-617E624B2754}.ReleaseForDeploy|Any CPU.Build.0 = ReleaseForDeploy|Any CPU
		{7154EBD1-642F-4161-AA25-F1DE82E6930E}.Debug|Any CPU.ActiveCfg = Debug|Any CPU
		{7154EBD1-642F-4161-AA25-F1DE82E6930E}.Debug|Any CPU.Build.0 = Debug|Any CPU
		{7154EBD1-642F-4161-AA25-F1DE82E6930E}.Release|Any CPU.ActiveCfg = Release|Any CPU
		{7154EBD1-642F-4161-AA25-F1DE82E6930E}.Release|Any CPU.Build.0 = Release|Any CPU
		{7154EBD1-642F-4161-AA25-F1DE82E6930E}.ReleaseForDeploy|Any CPU.ActiveCfg = ReleaseForDeploy|Any CPU
		{7154EBD1-642F-4161-AA25-F1DE82E6930E}.ReleaseForDeploy|Any CPU.Build.0 = ReleaseForDeploy|Any CPU
		{E343B553-2D44-4BA2-AEF0-3B1F7D2DBCF3}.Debug|Any CPU.ActiveCfg = Debug|Any CPU
		{E343B553-2D44-4BA2-AEF0-3B1F7D2DBCF3}.Debug|Any CPU.Build.0 = Debug|Any CPU
		{E343B553-2D44-4BA2-AEF0-3B1F7D2DBCF3}.Release|Any CPU.ActiveCfg = Release|Any CPU
		{E343B553-2D44-4BA2-AEF0-3B1F7D2DBCF3}.Release|Any CPU.Build.0 = Release|Any CPU
		{E343B553-2D44-4BA2-AEF0-3B1F7D2DBCF3}.ReleaseForDeploy|Any CPU.ActiveCfg = ReleaseForDeploy|Any CPU
		{E343B553-2D44-4BA2-AEF0-3B1F7D2DBCF3}.ReleaseForDeploy|Any CPU.Build.0 = ReleaseForDeploy|Any CPU
		{F9B4357E-7FD0-45FA-87B9-44D7EEB974C5}.Debug|Any CPU.ActiveCfg = Debug|Any CPU
		{F9B4357E-7FD0-45FA-87B9-44D7EEB974C5}.Debug|Any CPU.Build.0 = Debug|Any CPU
		{F9B4357E-7FD0-45FA-87B9-44D7EEB974C5}.Release|Any CPU.ActiveCfg = Release|Any CPU
		{F9B4357E-7FD0-45FA-87B9-44D7EEB974C5}.Release|Any CPU.Build.0 = Release|Any CPU
		{F9B4357E-7FD0-45FA-87B9-44D7EEB974C5}.ReleaseForDeploy|Any CPU.ActiveCfg = ReleaseForDeploy|Any CPU
		{F9B4357E-7FD0-45FA-87B9-44D7EEB974C5}.ReleaseForDeploy|Any CPU.Build.0 = ReleaseForDeploy|Any CPU
		{AC380EA5-16A1-4713-99B4-F259F5397F30}.Debug|Any CPU.ActiveCfg = Debug|Any CPU
		{AC380EA5-16A1-4713-99B4-F259F5397F30}.Debug|Any CPU.Build.0 = Debug|Any CPU
		{AC380EA5-16A1-4713-99B4-F259F5397F30}.Release|Any CPU.ActiveCfg = Release|Any CPU
		{AC380EA5-16A1-4713-99B4-F259F5397F30}.Release|Any CPU.Build.0 = Release|Any CPU
		{AC380EA5-16A1-4713-99B4-F259F5397F30}.ReleaseForDeploy|Any CPU.ActiveCfg = ReleaseForDeploy|Any CPU
		{AC380EA5-16A1-4713-99B4-F259F5397F30}.ReleaseForDeploy|Any CPU.Build.0 = ReleaseForDeploy|Any CPU
		{1B29051C-EE8E-4699-94DD-B2502C7A54C9}.Debug|Any CPU.ActiveCfg = Debug|Any CPU
		{1B29051C-EE8E-4699-94DD-B2502C7A54C9}.Debug|Any CPU.Build.0 = Debug|Any CPU
		{1B29051C-EE8E-4699-94DD-B2502C7A54C9}.Release|Any CPU.ActiveCfg = Release|Any CPU
		{1B29051C-EE8E-4699-94DD-B2502C7A54C9}.Release|Any CPU.Build.0 = Release|Any CPU
		{1B29051C-EE8E-4699-94DD-B2502C7A54C9}.ReleaseForDeploy|Any CPU.ActiveCfg = ReleaseForDeploy|Any CPU
		{1B29051C-EE8E-4699-94DD-B2502C7A54C9}.ReleaseForDeploy|Any CPU.Build.0 = ReleaseForDeploy|Any CPU
		{AE57212B-9A30-4577-A795-7B411621BCDA}.Debug|Any CPU.ActiveCfg = Debug|Any CPU
		{AE57212B-9A30-4577-A795-7B411621BCDA}.Debug|Any CPU.Build.0 = Debug|Any CPU
		{AE57212B-9A30-4577-A795-7B411621BCDA}.Release|Any CPU.ActiveCfg = Release|Any CPU
		{AE57212B-9A30-4577-A795-7B411621BCDA}.Release|Any CPU.Build.0 = Release|Any CPU
		{AE57212B-9A30-4577-A795-7B411621BCDA}.ReleaseForDeploy|Any CPU.ActiveCfg = ReleaseForDeploy|Any CPU
		{AE57212B-9A30-4577-A795-7B411621BCDA}.ReleaseForDeploy|Any CPU.Build.0 = ReleaseForDeploy|Any CPU
		{B76CF102-CE56-4321-9060-F81E63B982D6}.Debug|Any CPU.ActiveCfg = Debug|Any CPU
		{B76CF102-CE56-4321-9060-F81E63B982D6}.Debug|Any CPU.Build.0 = Debug|Any CPU
		{B76CF102-CE56-4321-9060-F81E63B982D6}.Release|Any CPU.ActiveCfg = Release|Any CPU
		{B76CF102-CE56-4321-9060-F81E63B982D6}.Release|Any CPU.Build.0 = Release|Any CPU
		{B76CF102-CE56-4321-9060-F81E63B982D6}.ReleaseForDeploy|Any CPU.ActiveCfg = ReleaseForDeploy|Any CPU
		{B76CF102-CE56-4321-9060-F81E63B982D6}.ReleaseForDeploy|Any CPU.Build.0 = ReleaseForDeploy|Any CPU
		{23FF9513-1B26-41F4-A7FE-1D8A9F0808AE}.Debug|Any CPU.ActiveCfg = Debug|Any CPU
		{23FF9513-1B26-41F4-A7FE-1D8A9F0808AE}.Debug|Any CPU.Build.0 = Debug|Any CPU
		{23FF9513-1B26-41F4-A7FE-1D8A9F0808AE}.Release|Any CPU.ActiveCfg = Release|Any CPU
		{23FF9513-1B26-41F4-A7FE-1D8A9F0808AE}.Release|Any CPU.Build.0 = Release|Any CPU
		{23FF9513-1B26-41F4-A7FE-1D8A9F0808AE}.ReleaseForDeploy|Any CPU.ActiveCfg = ReleaseForDeploy|Any CPU
		{23FF9513-1B26-41F4-A7FE-1D8A9F0808AE}.ReleaseForDeploy|Any CPU.Build.0 = ReleaseForDeploy|Any CPU
		{A7CA7AD7-70CA-43F0-BE73-75A01342D571}.Debug|Any CPU.ActiveCfg = Debug|Any CPU
		{A7CA7AD7-70CA-43F0-BE73-75A01342D571}.Debug|Any CPU.Build.0 = Debug|Any CPU
		{A7CA7AD7-70CA-43F0-BE73-75A01342D571}.Release|Any CPU.ActiveCfg = Release|Any CPU
		{A7CA7AD7-70CA-43F0-BE73-75A01342D571}.Release|Any CPU.Build.0 = Release|Any CPU
		{A7CA7AD7-70CA-43F0-BE73-75A01342D571}.ReleaseForDeploy|Any CPU.ActiveCfg = ReleaseForDeploy|Any CPU
		{A7CA7AD7-70CA-43F0-BE73-75A01342D571}.ReleaseForDeploy|Any CPU.Build.0 = ReleaseForDeploy|Any CPU
		{7AB39FD6-660F-4400-9955-B92684378492}.Debug|Any CPU.ActiveCfg = Debug|Any CPU
		{7AB39FD6-660F-4400-9955-B92684378492}.Debug|Any CPU.Build.0 = Debug|Any CPU
		{7AB39FD6-660F-4400-9955-B92684378492}.Release|Any CPU.ActiveCfg = Release|Any CPU
		{7AB39FD6-660F-4400-9955-B92684378492}.Release|Any CPU.Build.0 = Release|Any CPU
		{7AB39FD6-660F-4400-9955-B92684378492}.ReleaseForDeploy|Any CPU.ActiveCfg = ReleaseForDeploy|Any CPU
		{7AB39FD6-660F-4400-9955-B92684378492}.ReleaseForDeploy|Any CPU.Build.0 = ReleaseForDeploy|Any CPU
		{4CF7C7E2-C95D-4440-9ECF-5D1CE2A46D7A}.Debug|Any CPU.ActiveCfg = Debug|Any CPU
		{4CF7C7E2-C95D-4440-9ECF-5D1CE2A46D7A}.Debug|Any CPU.Build.0 = Debug|Any CPU
		{4CF7C7E2-C95D-4440-9ECF-5D1CE2A46D7A}.Release|Any CPU.ActiveCfg = Release|Any CPU
		{4CF7C7E2-C95D-4440-9ECF-5D1CE2A46D7A}.Release|Any CPU.Build.0 = Release|Any CPU
		{4CF7C7E2-C95D-4440-9ECF-5D1CE2A46D7A}.ReleaseForDeploy|Any CPU.ActiveCfg = ReleaseForDeploy|Any CPU
		{4CF7C7E2-C95D-4440-9ECF-5D1CE2A46D7A}.ReleaseForDeploy|Any CPU.Build.0 = ReleaseForDeploy|Any CPU
		{9D8B0C66-59ED-4D86-8F9A-9C38FA5A38DE}.Debug|Any CPU.ActiveCfg = Debug|Any CPU
		{9D8B0C66-59ED-4D86-8F9A-9C38FA5A38DE}.Debug|Any CPU.Build.0 = Debug|Any CPU
		{9D8B0C66-59ED-4D86-8F9A-9C38FA5A38DE}.Release|Any CPU.ActiveCfg = Release|Any CPU
		{9D8B0C66-59ED-4D86-8F9A-9C38FA5A38DE}.Release|Any CPU.Build.0 = Release|Any CPU
		{9D8B0C66-59ED-4D86-8F9A-9C38FA5A38DE}.ReleaseForDeploy|Any CPU.ActiveCfg = ReleaseForDeploy|Any CPU
		{9D8B0C66-59ED-4D86-8F9A-9C38FA5A38DE}.ReleaseForDeploy|Any CPU.Build.0 = ReleaseForDeploy|Any CPU
		{E569DCF1-592A-4504-A198-62F0F6CC850C}.Debug|Any CPU.ActiveCfg = Debug|Any CPU
		{E569DCF1-592A-4504-A198-62F0F6CC850C}.Debug|Any CPU.Build.0 = Debug|Any CPU
		{E569DCF1-592A-4504-A198-62F0F6CC850C}.Release|Any CPU.ActiveCfg = Release|Any CPU
		{E569DCF1-592A-4504-A198-62F0F6CC850C}.Release|Any CPU.Build.0 = Release|Any CPU
		{E569DCF1-592A-4504-A198-62F0F6CC850C}.ReleaseForDeploy|Any CPU.ActiveCfg = ReleaseForDeploy|Any CPU
		{E569DCF1-592A-4504-A198-62F0F6CC850C}.ReleaseForDeploy|Any CPU.Build.0 = ReleaseForDeploy|Any CPU
		{73F951E1-8582-4548-8768-02A446120CD5}.Debug|Any CPU.ActiveCfg = Debug|Any CPU
		{73F951E1-8582-4548-8768-02A446120CD5}.Debug|Any CPU.Build.0 = Debug|Any CPU
		{73F951E1-8582-4548-8768-02A446120CD5}.Release|Any CPU.ActiveCfg = Release|Any CPU
		{73F951E1-8582-4548-8768-02A446120CD5}.Release|Any CPU.Build.0 = Release|Any CPU
		{73F951E1-8582-4548-8768-02A446120CD5}.ReleaseForDeploy|Any CPU.ActiveCfg = ReleaseForDeploy|Any CPU
		{73F951E1-8582-4548-8768-02A446120CD5}.ReleaseForDeploy|Any CPU.Build.0 = ReleaseForDeploy|Any CPU
		{D05B42D9-4E6D-4CE0-B084-94133D1A8CF1}.Debug|Any CPU.ActiveCfg = Debug|Any CPU
		{D05B42D9-4E6D-4CE0-B084-94133D1A8CF1}.Debug|Any CPU.Build.0 = Debug|Any CPU
		{D05B42D9-4E6D-4CE0-B084-94133D1A8CF1}.Release|Any CPU.ActiveCfg = Release|Any CPU
		{D05B42D9-4E6D-4CE0-B084-94133D1A8CF1}.Release|Any CPU.Build.0 = Release|Any CPU
		{D05B42D9-4E6D-4CE0-B084-94133D1A8CF1}.ReleaseForDeploy|Any CPU.ActiveCfg = ReleaseForDeploy|Any CPU
		{D05B42D9-4E6D-4CE0-B084-94133D1A8CF1}.ReleaseForDeploy|Any CPU.Build.0 = ReleaseForDeploy|Any CPU
		{320AA12E-84F4-4021-A859-C663342BA646}.Debug|Any CPU.ActiveCfg = Debug|Any CPU
		{320AA12E-84F4-4021-A859-C663342BA646}.Debug|Any CPU.Build.0 = Debug|Any CPU
		{320AA12E-84F4-4021-A859-C663342BA646}.Release|Any CPU.ActiveCfg = Release|Any CPU
		{320AA12E-84F4-4021-A859-C663342BA646}.Release|Any CPU.Build.0 = Release|Any CPU
		{320AA12E-84F4-4021-A859-C663342BA646}.ReleaseForDeploy|Any CPU.ActiveCfg = ReleaseForDeploy|Any CPU
		{320AA12E-84F4-4021-A859-C663342BA646}.ReleaseForDeploy|Any CPU.Build.0 = ReleaseForDeploy|Any CPU
		{4F5ED64B-C08C-439E-A788-B8A320AC43F1}.Debug|Any CPU.ActiveCfg = Debug|Any CPU
		{4F5ED64B-C08C-439E-A788-B8A320AC43F1}.Debug|Any CPU.Build.0 = Debug|Any CPU
		{4F5ED64B-C08C-439E-A788-B8A320AC43F1}.Release|Any CPU.ActiveCfg = Release|Any CPU
		{4F5ED64B-C08C-439E-A788-B8A320AC43F1}.Release|Any CPU.Build.0 = Release|Any CPU
		{4F5ED64B-C08C-439E-A788-B8A320AC43F1}.ReleaseForDeploy|Any CPU.ActiveCfg = ReleaseForDeploy|Any CPU
		{4F5ED64B-C08C-439E-A788-B8A320AC43F1}.ReleaseForDeploy|Any CPU.Build.0 = ReleaseForDeploy|Any CPU
		{645147FC-CC9C-41FA-97BA-B68CAB079389}.Debug|Any CPU.ActiveCfg = Debug|Any CPU
		{645147FC-CC9C-41FA-97BA-B68CAB079389}.Debug|Any CPU.Build.0 = Debug|Any CPU
		{645147FC-CC9C-41FA-97BA-B68CAB079389}.Release|Any CPU.ActiveCfg = Release|Any CPU
		{645147FC-CC9C-41FA-97BA-B68CAB079389}.Release|Any CPU.Build.0 = Release|Any CPU
		{645147FC-CC9C-41FA-97BA-B68CAB079389}.ReleaseForDeploy|Any CPU.ActiveCfg = ReleaseForDeploy|Any CPU
		{645147FC-CC9C-41FA-97BA-B68CAB079389}.ReleaseForDeploy|Any CPU.Build.0 = ReleaseForDeploy|Any CPU
		{2BA7F5E5-7E4C-45D0-BA71-948814133D4F}.Debug|Any CPU.ActiveCfg = Debug|Any CPU
		{2BA7F5E5-7E4C-45D0-BA71-948814133D4F}.Debug|Any CPU.Build.0 = Debug|Any CPU
		{2BA7F5E5-7E4C-45D0-BA71-948814133D4F}.Release|Any CPU.ActiveCfg = Release|Any CPU
		{2BA7F5E5-7E4C-45D0-BA71-948814133D4F}.Release|Any CPU.Build.0 = Release|Any CPU
		{2BA7F5E5-7E4C-45D0-BA71-948814133D4F}.ReleaseForDeploy|Any CPU.ActiveCfg = ReleaseForDeploy|Any CPU
		{2BA7F5E5-7E4C-45D0-BA71-948814133D4F}.ReleaseForDeploy|Any CPU.Build.0 = ReleaseForDeploy|Any CPU
		{D4E44221-BAA9-4E42-8A87-96A3D5BDEA8D}.Debug|Any CPU.ActiveCfg = Debug|Any CPU
		{D4E44221-BAA9-4E42-8A87-96A3D5BDEA8D}.Debug|Any CPU.Build.0 = Debug|Any CPU
		{D4E44221-BAA9-4E42-8A87-96A3D5BDEA8D}.Release|Any CPU.ActiveCfg = Release|Any CPU
		{D4E44221-BAA9-4E42-8A87-96A3D5BDEA8D}.Release|Any CPU.Build.0 = Release|Any CPU
		{D4E44221-BAA9-4E42-8A87-96A3D5BDEA8D}.ReleaseForDeploy|Any CPU.ActiveCfg = ReleaseForDeploy|Any CPU
		{D4E44221-BAA9-4E42-8A87-96A3D5BDEA8D}.ReleaseForDeploy|Any CPU.Build.0 = ReleaseForDeploy|Any CPU
		{DBDBE926-39DC-423D-9C7E-17664CA672CB}.Debug|Any CPU.ActiveCfg = Debug|Any CPU
		{DBDBE926-39DC-423D-9C7E-17664CA672CB}.Debug|Any CPU.Build.0 = Debug|Any CPU
		{DBDBE926-39DC-423D-9C7E-17664CA672CB}.Release|Any CPU.ActiveCfg = Release|Any CPU
		{DBDBE926-39DC-423D-9C7E-17664CA672CB}.Release|Any CPU.Build.0 = Release|Any CPU
		{DBDBE926-39DC-423D-9C7E-17664CA672CB}.ReleaseForDeploy|Any CPU.ActiveCfg = ReleaseForDeploy|Any CPU
		{DBDBE926-39DC-423D-9C7E-17664CA672CB}.ReleaseForDeploy|Any CPU.Build.0 = ReleaseForDeploy|Any CPU
		{23A93A15-21B8-4CA5-B128-1FF4B0C6A861}.Debug|Any CPU.ActiveCfg = Debug|Any CPU
		{23A93A15-21B8-4CA5-B128-1FF4B0C6A861}.Debug|Any CPU.Build.0 = Debug|Any CPU
		{23A93A15-21B8-4CA5-B128-1FF4B0C6A861}.Release|Any CPU.ActiveCfg = Release|Any CPU
		{23A93A15-21B8-4CA5-B128-1FF4B0C6A861}.Release|Any CPU.Build.0 = Release|Any CPU
		{23A93A15-21B8-4CA5-B128-1FF4B0C6A861}.ReleaseForDeploy|Any CPU.ActiveCfg = ReleaseForDeploy|Any CPU
		{23A93A15-21B8-4CA5-B128-1FF4B0C6A861}.ReleaseForDeploy|Any CPU.Build.0 = ReleaseForDeploy|Any CPU
		{F6C71F8B-AFDE-471A-B1DE-6E1E8F3499C6}.Debug|Any CPU.ActiveCfg = Debug|Any CPU
		{F6C71F8B-AFDE-471A-B1DE-6E1E8F3499C6}.Debug|Any CPU.Build.0 = Debug|Any CPU
		{F6C71F8B-AFDE-471A-B1DE-6E1E8F3499C6}.Release|Any CPU.ActiveCfg = Release|Any CPU
		{F6C71F8B-AFDE-471A-B1DE-6E1E8F3499C6}.Release|Any CPU.Build.0 = Release|Any CPU
		{F6C71F8B-AFDE-471A-B1DE-6E1E8F3499C6}.ReleaseForDeploy|Any CPU.ActiveCfg = ReleaseForDeploy|Any CPU
		{F6C71F8B-AFDE-471A-B1DE-6E1E8F3499C6}.ReleaseForDeploy|Any CPU.Build.0 = ReleaseForDeploy|Any CPU
		{ED71C769-CDA7-4C58-B252-8218DCE3D2B5}.Debug|Any CPU.ActiveCfg = Debug|Any CPU
		{ED71C769-CDA7-4C58-B252-8218DCE3D2B5}.Debug|Any CPU.Build.0 = Debug|Any CPU
		{ED71C769-CDA7-4C58-B252-8218DCE3D2B5}.Release|Any CPU.ActiveCfg = Release|Any CPU
		{ED71C769-CDA7-4C58-B252-8218DCE3D2B5}.Release|Any CPU.Build.0 = Release|Any CPU
		{ED71C769-CDA7-4C58-B252-8218DCE3D2B5}.ReleaseForDeploy|Any CPU.ActiveCfg = ReleaseForDeploy|Any CPU
		{ED71C769-CDA7-4C58-B252-8218DCE3D2B5}.ReleaseForDeploy|Any CPU.Build.0 = ReleaseForDeploy|Any CPU
		{DE31F486-AE81-49C0-BA00-3A6A325B7C42}.Debug|Any CPU.ActiveCfg = Debug|Any CPU
		{DE31F486-AE81-49C0-BA00-3A6A325B7C42}.Debug|Any CPU.Build.0 = Debug|Any CPU
		{DE31F486-AE81-49C0-BA00-3A6A325B7C42}.Release|Any CPU.ActiveCfg = Release|Any CPU
		{DE31F486-AE81-49C0-BA00-3A6A325B7C42}.Release|Any CPU.Build.0 = Release|Any CPU
		{DE31F486-AE81-49C0-BA00-3A6A325B7C42}.ReleaseForDeploy|Any CPU.ActiveCfg = ReleaseForDeploy|Any CPU
		{DE31F486-AE81-49C0-BA00-3A6A325B7C42}.ReleaseForDeploy|Any CPU.Build.0 = ReleaseForDeploy|Any CPU
		{3E6AA34C-02F9-4B8B-8307-FC9CA25DB7AD}.Debug|Any CPU.ActiveCfg = Debug|Any CPU
		{3E6AA34C-02F9-4B8B-8307-FC9CA25DB7AD}.Debug|Any CPU.Build.0 = Debug|Any CPU
		{3E6AA34C-02F9-4B8B-8307-FC9CA25DB7AD}.Release|Any CPU.ActiveCfg = Release|Any CPU
		{3E6AA34C-02F9-4B8B-8307-FC9CA25DB7AD}.Release|Any CPU.Build.0 = Release|Any CPU
		{3E6AA34C-02F9-4B8B-8307-FC9CA25DB7AD}.ReleaseForDeploy|Any CPU.ActiveCfg = ReleaseForDeploy|Any CPU
		{3E6AA34C-02F9-4B8B-8307-FC9CA25DB7AD}.ReleaseForDeploy|Any CPU.Build.0 = ReleaseForDeploy|Any CPU
		{CDA1C120-6847-4486-863D-875E47291A50}.Debug|Any CPU.ActiveCfg = Debug|Any CPU
		{CDA1C120-6847-4486-863D-875E47291A50}.Debug|Any CPU.Build.0 = Debug|Any CPU
		{CDA1C120-6847-4486-863D-875E47291A50}.Release|Any CPU.ActiveCfg = Release|Any CPU
		{CDA1C120-6847-4486-863D-875E47291A50}.Release|Any CPU.Build.0 = Release|Any CPU
		{CDA1C120-6847-4486-863D-875E47291A50}.ReleaseForDeploy|Any CPU.ActiveCfg = ReleaseForDeploy|Any CPU
		{CDA1C120-6847-4486-863D-875E47291A50}.ReleaseForDeploy|Any CPU.Build.0 = ReleaseForDeploy|Any CPU
		{A67A4EA1-58CF-41ED-AEED-591D4A8A0633}.Debug|Any CPU.ActiveCfg = Debug|Any CPU
		{A67A4EA1-58CF-41ED-AEED-591D4A8A0633}.Debug|Any CPU.Build.0 = Debug|Any CPU
		{A67A4EA1-58CF-41ED-AEED-591D4A8A0633}.Release|Any CPU.ActiveCfg = Release|Any CPU
		{A67A4EA1-58CF-41ED-AEED-591D4A8A0633}.Release|Any CPU.Build.0 = Release|Any CPU
		{A67A4EA1-58CF-41ED-AEED-591D4A8A0633}.ReleaseForDeploy|Any CPU.ActiveCfg = ReleaseForDeploy|Any CPU
		{A67A4EA1-58CF-41ED-AEED-591D4A8A0633}.ReleaseForDeploy|Any CPU.Build.0 = ReleaseForDeploy|Any CPU
		{64762CCC-834E-47C9-AFAD-B88DB80E3FF8}.Debug|Any CPU.ActiveCfg = Debug|Any CPU
		{64762CCC-834E-47C9-AFAD-B88DB80E3FF8}.Debug|Any CPU.Build.0 = Debug|Any CPU
		{64762CCC-834E-47C9-AFAD-B88DB80E3FF8}.Release|Any CPU.ActiveCfg = Release|Any CPU
		{64762CCC-834E-47C9-AFAD-B88DB80E3FF8}.Release|Any CPU.Build.0 = Release|Any CPU
		{64762CCC-834E-47C9-AFAD-B88DB80E3FF8}.ReleaseForDeploy|Any CPU.ActiveCfg = ReleaseForDeploy|Any CPU
		{64762CCC-834E-47C9-AFAD-B88DB80E3FF8}.ReleaseForDeploy|Any CPU.Build.0 = ReleaseForDeploy|Any CPU
		{6E32D6FE-E53F-4D40-9644-8F3B19EC094C}.Debug|Any CPU.ActiveCfg = Debug|Any CPU
		{6E32D6FE-E53F-4D40-9644-8F3B19EC094C}.Debug|Any CPU.Build.0 = Debug|Any CPU
		{6E32D6FE-E53F-4D40-9644-8F3B19EC094C}.Release|Any CPU.ActiveCfg = Release|Any CPU
		{6E32D6FE-E53F-4D40-9644-8F3B19EC094C}.Release|Any CPU.Build.0 = Release|Any CPU
		{6E32D6FE-E53F-4D40-9644-8F3B19EC094C}.ReleaseForDeploy|Any CPU.ActiveCfg = ReleaseForDeploy|Any CPU
		{6E32D6FE-E53F-4D40-9644-8F3B19EC094C}.ReleaseForDeploy|Any CPU.Build.0 = ReleaseForDeploy|Any CPU
		{16B71536-8CF7-4F58-8CE3-277B8CB0FE45}.Debug|Any CPU.ActiveCfg = Debug|Any CPU
		{16B71536-8CF7-4F58-8CE3-277B8CB0FE45}.Debug|Any CPU.Build.0 = Debug|Any CPU
		{16B71536-8CF7-4F58-8CE3-277B8CB0FE45}.Release|Any CPU.ActiveCfg = Release|Any CPU
		{16B71536-8CF7-4F58-8CE3-277B8CB0FE45}.Release|Any CPU.Build.0 = Release|Any CPU
		{16B71536-8CF7-4F58-8CE3-277B8CB0FE45}.ReleaseForDeploy|Any CPU.ActiveCfg = ReleaseForDeploy|Any CPU
		{16B71536-8CF7-4F58-8CE3-277B8CB0FE45}.ReleaseForDeploy|Any CPU.Build.0 = ReleaseForDeploy|Any CPU
		{4BFC7B38-975F-4470-9D4C-FB95E76B9055}.Debug|Any CPU.ActiveCfg = Debug|Any CPU
		{4BFC7B38-975F-4470-9D4C-FB95E76B9055}.Debug|Any CPU.Build.0 = Debug|Any CPU
		{4BFC7B38-975F-4470-9D4C-FB95E76B9055}.Release|Any CPU.ActiveCfg = Release|Any CPU
		{4BFC7B38-975F-4470-9D4C-FB95E76B9055}.Release|Any CPU.Build.0 = Release|Any CPU
		{4BFC7B38-975F-4470-9D4C-FB95E76B9055}.ReleaseForDeploy|Any CPU.ActiveCfg = ReleaseForDeploy|Any CPU
		{4BFC7B38-975F-4470-9D4C-FB95E76B9055}.ReleaseForDeploy|Any CPU.Build.0 = ReleaseForDeploy|Any CPU
		{7CC2560D-4CA1-4132-BD7A-5E6A799C4F5B}.Debug|Any CPU.ActiveCfg = Debug|Any CPU
		{7CC2560D-4CA1-4132-BD7A-5E6A799C4F5B}.Debug|Any CPU.Build.0 = Debug|Any CPU
		{7CC2560D-4CA1-4132-BD7A-5E6A799C4F5B}.Release|Any CPU.ActiveCfg = Release|Any CPU
		{7CC2560D-4CA1-4132-BD7A-5E6A799C4F5B}.Release|Any CPU.Build.0 = Release|Any CPU
		{7CC2560D-4CA1-4132-BD7A-5E6A799C4F5B}.ReleaseForDeploy|Any CPU.ActiveCfg = ReleaseForDeploy|Any CPU
		{7CC2560D-4CA1-4132-BD7A-5E6A799C4F5B}.ReleaseForDeploy|Any CPU.Build.0 = ReleaseForDeploy|Any CPU
		{B2D7FDB6-BD30-4D8D-86CE-E842AA78BBDD}.Debug|Any CPU.ActiveCfg = Debug|Any CPU
		{B2D7FDB6-BD30-4D8D-86CE-E842AA78BBDD}.Debug|Any CPU.Build.0 = Debug|Any CPU
		{B2D7FDB6-BD30-4D8D-86CE-E842AA78BBDD}.Release|Any CPU.ActiveCfg = Release|Any CPU
		{B2D7FDB6-BD30-4D8D-86CE-E842AA78BBDD}.Release|Any CPU.Build.0 = Release|Any CPU
		{B2D7FDB6-BD30-4D8D-86CE-E842AA78BBDD}.ReleaseForDeploy|Any CPU.ActiveCfg = ReleaseForDeploy|Any CPU
		{B2D7FDB6-BD30-4D8D-86CE-E842AA78BBDD}.ReleaseForDeploy|Any CPU.Build.0 = ReleaseForDeploy|Any CPU
		{B0E24D63-EE2C-40C4-BCC7-30A826659B41}.Debug|Any CPU.ActiveCfg = Debug|Any CPU
		{B0E24D63-EE2C-40C4-BCC7-30A826659B41}.Debug|Any CPU.Build.0 = Debug|Any CPU
		{B0E24D63-EE2C-40C4-BCC7-30A826659B41}.Release|Any CPU.ActiveCfg = Release|Any CPU
		{B0E24D63-EE2C-40C4-BCC7-30A826659B41}.Release|Any CPU.Build.0 = Release|Any CPU
		{B0E24D63-EE2C-40C4-BCC7-30A826659B41}.ReleaseForDeploy|Any CPU.ActiveCfg = ReleaseForDeploy|Any CPU
		{B0E24D63-EE2C-40C4-BCC7-30A826659B41}.ReleaseForDeploy|Any CPU.Build.0 = ReleaseForDeploy|Any CPU
		{8CC62C91-E48C-43CA-97AF-953D931DED4E}.Debug|Any CPU.ActiveCfg = Debug|Any CPU
		{8CC62C91-E48C-43CA-97AF-953D931DED4E}.Debug|Any CPU.Build.0 = Debug|Any CPU
		{8CC62C91-E48C-43CA-97AF-953D931DED4E}.Release|Any CPU.ActiveCfg = Release|Any CPU
		{8CC62C91-E48C-43CA-97AF-953D931DED4E}.Release|Any CPU.Build.0 = Release|Any CPU
		{8CC62C91-E48C-43CA-97AF-953D931DED4E}.ReleaseForDeploy|Any CPU.ActiveCfg = ReleaseForDeploy|Any CPU
		{8CC62C91-E48C-43CA-97AF-953D931DED4E}.ReleaseForDeploy|Any CPU.Build.0 = ReleaseForDeploy|Any CPU
		{63CC56D7-EFB3-497C-90D3-969435E6812A}.Debug|Any CPU.ActiveCfg = Debug|Any CPU
		{63CC56D7-EFB3-497C-90D3-969435E6812A}.Debug|Any CPU.Build.0 = Debug|Any CPU
		{63CC56D7-EFB3-497C-90D3-969435E6812A}.Release|Any CPU.ActiveCfg = Release|Any CPU
		{63CC56D7-EFB3-497C-90D3-969435E6812A}.Release|Any CPU.Build.0 = Release|Any CPU
		{63CC56D7-EFB3-497C-90D3-969435E6812A}.ReleaseForDeploy|Any CPU.ActiveCfg = ReleaseForDeploy|Any CPU
		{63CC56D7-EFB3-497C-90D3-969435E6812A}.ReleaseForDeploy|Any CPU.Build.0 = ReleaseForDeploy|Any CPU
		{F2A70DDF-D334-4417-9777-14F65230AB10}.Debug|Any CPU.ActiveCfg = Debug|Any CPU
		{F2A70DDF-D334-4417-9777-14F65230AB10}.Debug|Any CPU.Build.0 = Debug|Any CPU
		{F2A70DDF-D334-4417-9777-14F65230AB10}.Release|Any CPU.ActiveCfg = Release|Any CPU
		{F2A70DDF-D334-4417-9777-14F65230AB10}.Release|Any CPU.Build.0 = Release|Any CPU
		{F2A70DDF-D334-4417-9777-14F65230AB10}.ReleaseForDeploy|Any CPU.ActiveCfg = ReleaseForDeploy|Any CPU
		{F2A70DDF-D334-4417-9777-14F65230AB10}.ReleaseForDeploy|Any CPU.Build.0 = ReleaseForDeploy|Any CPU
		{EDDD4A08-994C-42C8-A462-1D70755B43F0}.Debug|Any CPU.ActiveCfg = Debug|Any CPU
		{EDDD4A08-994C-42C8-A462-1D70755B43F0}.Debug|Any CPU.Build.0 = Debug|Any CPU
		{EDDD4A08-994C-42C8-A462-1D70755B43F0}.Release|Any CPU.ActiveCfg = Release|Any CPU
		{EDDD4A08-994C-42C8-A462-1D70755B43F0}.Release|Any CPU.Build.0 = Release|Any CPU
		{EDDD4A08-994C-42C8-A462-1D70755B43F0}.ReleaseForDeploy|Any CPU.ActiveCfg = ReleaseForDeploy|Any CPU
		{EDDD4A08-994C-42C8-A462-1D70755B43F0}.ReleaseForDeploy|Any CPU.Build.0 = ReleaseForDeploy|Any CPU
		{223B695B-3948-4D1A-B6AF-F4E7D5E7E49B}.Debug|Any CPU.ActiveCfg = Debug|Any CPU
		{223B695B-3948-4D1A-B6AF-F4E7D5E7E49B}.Debug|Any CPU.Build.0 = Debug|Any CPU
		{223B695B-3948-4D1A-B6AF-F4E7D5E7E49B}.Release|Any CPU.ActiveCfg = Release|Any CPU
		{223B695B-3948-4D1A-B6AF-F4E7D5E7E49B}.Release|Any CPU.Build.0 = Release|Any CPU
		{223B695B-3948-4D1A-B6AF-F4E7D5E7E49B}.ReleaseForDeploy|Any CPU.ActiveCfg = ReleaseForDeploy|Any CPU
		{223B695B-3948-4D1A-B6AF-F4E7D5E7E49B}.ReleaseForDeploy|Any CPU.Build.0 = ReleaseForDeploy|Any CPU
		{A29B100E-AC1C-4E96-9097-8FC448B86C6D}.Debug|Any CPU.ActiveCfg = Debug|Any CPU
		{A29B100E-AC1C-4E96-9097-8FC448B86C6D}.Debug|Any CPU.Build.0 = Debug|Any CPU
		{A29B100E-AC1C-4E96-9097-8FC448B86C6D}.Release|Any CPU.ActiveCfg = Release|Any CPU
		{A29B100E-AC1C-4E96-9097-8FC448B86C6D}.Release|Any CPU.Build.0 = Release|Any CPU
		{A29B100E-AC1C-4E96-9097-8FC448B86C6D}.ReleaseForDeploy|Any CPU.ActiveCfg = ReleaseForDeploy|Any CPU
		{A29B100E-AC1C-4E96-9097-8FC448B86C6D}.ReleaseForDeploy|Any CPU.Build.0 = ReleaseForDeploy|Any CPU
		{1D8DAC2B-2570-4F11-812C-7C7298AF06FF}.Debug|Any CPU.ActiveCfg = Debug|Any CPU
		{1D8DAC2B-2570-4F11-812C-7C7298AF06FF}.Debug|Any CPU.Build.0 = Debug|Any CPU
		{1D8DAC2B-2570-4F11-812C-7C7298AF06FF}.Release|Any CPU.ActiveCfg = Release|Any CPU
		{1D8DAC2B-2570-4F11-812C-7C7298AF06FF}.Release|Any CPU.Build.0 = Release|Any CPU
		{1D8DAC2B-2570-4F11-812C-7C7298AF06FF}.ReleaseForDeploy|Any CPU.ActiveCfg = ReleaseForDeploy|Any CPU
		{1D8DAC2B-2570-4F11-812C-7C7298AF06FF}.ReleaseForDeploy|Any CPU.Build.0 = ReleaseForDeploy|Any CPU
		{82CA28A1-940C-4DD0-8046-90412FA67247}.Debug|Any CPU.ActiveCfg = Debug|Any CPU
		{82CA28A1-940C-4DD0-8046-90412FA67247}.Debug|Any CPU.Build.0 = Debug|Any CPU
		{82CA28A1-940C-4DD0-8046-90412FA67247}.Release|Any CPU.ActiveCfg = Release|Any CPU
		{82CA28A1-940C-4DD0-8046-90412FA67247}.Release|Any CPU.Build.0 = Release|Any CPU
		{82CA28A1-940C-4DD0-8046-90412FA67247}.ReleaseForDeploy|Any CPU.ActiveCfg = ReleaseForDeploy|Any CPU
		{82CA28A1-940C-4DD0-8046-90412FA67247}.ReleaseForDeploy|Any CPU.Build.0 = ReleaseForDeploy|Any CPU
	EndGlobalSection
	GlobalSection(NestedProjects) = preSolution
		{F5C77A86-38AF-40E4-82FC-617E624B2754} = {508E7DA4-4DF2-4201-955D-CCF70C41AD05}
		{6FCBB2DA-C131-4207-878B-B69B5101A25C} = {9270A12C-E16F-4932-89C4-F4ADDDA55AF3}
		{508E7DA4-4DF2-4201-955D-CCF70C41AD05} = {9270A12C-E16F-4932-89C4-F4ADDDA55AF3}
		{BA1AEAEC-68CD-4855-A8CB-0DC2070B6A8C} = {9270A12C-E16F-4932-89C4-F4ADDDA55AF3}
		{B0C34F8B-61ED-45D9-A21F-92D9219F429F} = {9270A12C-E16F-4932-89C4-F4ADDDA55AF3}
		{0358DED1-114C-4EFB-98C7-3D6B50A127DF} = {9270A12C-E16F-4932-89C4-F4ADDDA55AF3}
		{5838EE94-374F-4A6F-A231-1BC1C87985F4} = {9270A12C-E16F-4932-89C4-F4ADDDA55AF3}
		{7154EBD1-642F-4161-AA25-F1DE82E6930E} = {5838EE94-374F-4A6F-A231-1BC1C87985F4}
		{E78C7FBE-ADD0-4124-A273-5D5AC0C02B27} = {0358DED1-114C-4EFB-98C7-3D6B50A127DF}
		{B68592DF-E8E8-452A-A46F-5C8ECB178FDF} = {0358DED1-114C-4EFB-98C7-3D6B50A127DF}
		{E343B553-2D44-4BA2-AEF0-3B1F7D2DBCF3} = {B68592DF-E8E8-452A-A46F-5C8ECB178FDF}
		{F9B4357E-7FD0-45FA-87B9-44D7EEB974C5} = {B68592DF-E8E8-452A-A46F-5C8ECB178FDF}
		{1B29051C-EE8E-4699-94DD-B2502C7A54C9} = {57FDFB31-D6B6-4369-A78C-6F3D3AEA0D79}
		{B76CF102-CE56-4321-9060-F81E63B982D6} = {57FDFB31-D6B6-4369-A78C-6F3D3AEA0D79}
		{23FF9513-1B26-41F4-A7FE-1D8A9F0808AE} = {BA1AEAEC-68CD-4855-A8CB-0DC2070B6A8C}
		{A7CA7AD7-70CA-43F0-BE73-75A01342D571} = {5838EE94-374F-4A6F-A231-1BC1C87985F4}
		{19ADDB2F-B589-49EF-9BDA-BD9908057D60} = {B68592DF-E8E8-452A-A46F-5C8ECB178FDF}
		{4CF7C7E2-C95D-4440-9ECF-5D1CE2A46D7A} = {19ADDB2F-B589-49EF-9BDA-BD9908057D60}
		{AE57212B-9A30-4577-A795-7B411621BCDA} = {19ADDB2F-B589-49EF-9BDA-BD9908057D60}
		{865285E7-B20A-41D8-935F-D3A31C91A0D6} = {57FDFB31-D6B6-4369-A78C-6F3D3AEA0D79}
		{9D8B0C66-59ED-4D86-8F9A-9C38FA5A38DE} = {865285E7-B20A-41D8-935F-D3A31C91A0D6}
		{E569DCF1-592A-4504-A198-62F0F6CC850C} = {0358DED1-114C-4EFB-98C7-3D6B50A127DF}
		{73F951E1-8582-4548-8768-02A446120CD5} = {865285E7-B20A-41D8-935F-D3A31C91A0D6}
		{D05B42D9-4E6D-4CE0-B084-94133D1A8CF1} = {B0C34F8B-61ED-45D9-A21F-92D9219F429F}
		{5B6DE1D9-649A-47EE-A565-0B641B7838FF} = {BA1AEAEC-68CD-4855-A8CB-0DC2070B6A8C}
		{320AA12E-84F4-4021-A859-C663342BA646} = {5B6DE1D9-649A-47EE-A565-0B641B7838FF}
		{6F47718F-2CA7-46CD-AEAC-556853EE115A} = {B0C34F8B-61ED-45D9-A21F-92D9219F429F}
		{4F5ED64B-C08C-439E-A788-B8A320AC43F1} = {6F47718F-2CA7-46CD-AEAC-556853EE115A}
		{645147FC-CC9C-41FA-97BA-B68CAB079389} = {B0C34F8B-61ED-45D9-A21F-92D9219F429F}
		{2BA7F5E5-7E4C-45D0-BA71-948814133D4F} = {BA1AEAEC-68CD-4855-A8CB-0DC2070B6A8C}
		{D4E44221-BAA9-4E42-8A87-96A3D5BDEA8D} = {0358DED1-114C-4EFB-98C7-3D6B50A127DF}
		{DBDBE926-39DC-423D-9C7E-17664CA672CB} = {6F47718F-2CA7-46CD-AEAC-556853EE115A}
		{23A93A15-21B8-4CA5-B128-1FF4B0C6A861} = {57FDFB31-D6B6-4369-A78C-6F3D3AEA0D79}
		{F6C71F8B-AFDE-471A-B1DE-6E1E8F3499C6} = {BA1AEAEC-68CD-4855-A8CB-0DC2070B6A8C}
		{ED71C769-CDA7-4C58-B252-8218DCE3D2B5} = {57FDFB31-D6B6-4369-A78C-6F3D3AEA0D79}
		{BAE0D6F2-6920-4B02-9F30-D71B04B7170D} = {9270A12C-E16F-4932-89C4-F4ADDDA55AF3}
		{DE31F486-AE81-49C0-BA00-3A6A325B7C42} = {BAE0D6F2-6920-4B02-9F30-D71B04B7170D}
		{A25A3BA8-5602-4825-9595-2CF96B166920} = {BAE0D6F2-6920-4B02-9F30-D71B04B7170D}
		{3E6AA34C-02F9-4B8B-8307-FC9CA25DB7AD} = {A25A3BA8-5602-4825-9595-2CF96B166920}
		{33E2D4C7-525A-41CE-858C-F6A944160618} = {864DED88-9252-46EB-9D13-00269C7333F9}
		{7AB39FD6-660F-4400-9955-B92684378492} = {BAE0D6F2-6920-4B02-9F30-D71B04B7170D}
		{8BD4E8A7-95BE-43EA-8627-A002D440DFDF} = {33E2D4C7-525A-41CE-858C-F6A944160618}
		{57FDFB31-D6B6-4369-A78C-6F3D3AEA0D79} = {33E2D4C7-525A-41CE-858C-F6A944160618}
		{3D4737A4-7C63-428F-946A-9D0C091CEEF9} = {864DED88-9252-46EB-9D13-00269C7333F9}
		{FE0D2E76-EFF3-4CD4-917A-19CE35874F32} = {3D4737A4-7C63-428F-946A-9D0C091CEEF9}
		{124D8FF5-43D1-4019-B07C-7F55DC4A1807} = {3D4737A4-7C63-428F-946A-9D0C091CEEF9}
		{8BB22358-7F43-462F-B26E-D83B9A4711CC} = {3D4737A4-7C63-428F-946A-9D0C091CEEF9}
		{8B850C5F-D5AB-4992-B343-6501A70ED801} = {3D4737A4-7C63-428F-946A-9D0C091CEEF9}
		{ABB5758C-648C-4B18-B261-67510E696545} = {3D4737A4-7C63-428F-946A-9D0C091CEEF9}
		{2FFC0771-965C-4C3F-9E42-AD871D7EF463} = {3D4737A4-7C63-428F-946A-9D0C091CEEF9}
		{806F1A7A-5D96-44ED-A9D9-C61660DD5488} = {3D4737A4-7C63-428F-946A-9D0C091CEEF9}
		{DC9FFCBD-F591-401C-8D5F-6643CF2C1D19} = {3D4737A4-7C63-428F-946A-9D0C091CEEF9}
		{AC380EA5-16A1-4713-99B4-F259F5397F30} = {4B1A213C-36A7-41A7-BFC7-B3CFF5795912}
		{CDA1C120-6847-4486-863D-875E47291A50} = {BAE0D6F2-6920-4B02-9F30-D71B04B7170D}
		{A67A4EA1-58CF-41ED-AEED-591D4A8A0633} = {5B6DE1D9-649A-47EE-A565-0B641B7838FF}
		{64762CCC-834E-47C9-AFAD-B88DB80E3FF8} = {A25A3BA8-5602-4825-9595-2CF96B166920}
		{6E32D6FE-E53F-4D40-9644-8F3B19EC094C} = {19ADDB2F-B589-49EF-9BDA-BD9908057D60}
		{16B71536-8CF7-4F58-8CE3-277B8CB0FE45} = {B68592DF-E8E8-452A-A46F-5C8ECB178FDF}
		{4BFC7B38-975F-4470-9D4C-FB95E76B9055} = {19ADDB2F-B589-49EF-9BDA-BD9908057D60}
		{7CC2560D-4CA1-4132-BD7A-5E6A799C4F5B} = {865285E7-B20A-41D8-935F-D3A31C91A0D6}
		{B2D7FDB6-BD30-4D8D-86CE-E842AA78BBDD} = {865285E7-B20A-41D8-935F-D3A31C91A0D6}
		{B0E24D63-EE2C-40C4-BCC7-30A826659B41} = {BA1AEAEC-68CD-4855-A8CB-0DC2070B6A8C}
		{8CC62C91-E48C-43CA-97AF-953D931DED4E} = {8BD4E8A7-95BE-43EA-8627-A002D440DFDF}
		{3E159E21-E5F0-4734-BF90-B08BD1A47D98} = {8BD4E8A7-95BE-43EA-8627-A002D440DFDF}
		{63CC56D7-EFB3-497C-90D3-969435E6812A} = {3E159E21-E5F0-4734-BF90-B08BD1A47D98}
		{F2A70DDF-D334-4417-9777-14F65230AB10} = {8BD4E8A7-95BE-43EA-8627-A002D440DFDF}
		{EDDD4A08-994C-42C8-A462-1D70755B43F0} = {3E159E21-E5F0-4734-BF90-B08BD1A47D98}
		{223B695B-3948-4D1A-B6AF-F4E7D5E7E49B} = {8BD4E8A7-95BE-43EA-8627-A002D440DFDF}
		{A29B100E-AC1C-4E96-9097-8FC448B86C6D} = {8BD4E8A7-95BE-43EA-8627-A002D440DFDF}
		{1D8DAC2B-2570-4F11-812C-7C7298AF06FF} = {3E159E21-E5F0-4734-BF90-B08BD1A47D98}
		{82CA28A1-940C-4DD0-8046-90412FA67247} = {3E159E21-E5F0-4734-BF90-B08BD1A47D98}
	EndGlobalSection
EndGlobal
