
Microsoft Visual Studio Solution File, Format Version 12.00
Project("{FAE04EC0-301F-11D3-BF4B-00C04F79EFBC}") = "Common", "Common\Common.csproj", "{6FCBB2DA-C131-4207-878B-B69B5101A25C}"
EndProject
Project("{2150E333-8FDC-42A3-9474-1A3956D46DE8}") = "Solution Items", "Solution Items", "{56E869FB-D718-421C-85DF-07291F1F47C6}"
	ProjectSection(SolutionItems) = preProject
		Directory.Build.props = Directory.Build.props
		GlobalAssemblyInfo.cs = GlobalAssemblyInfo.cs
		..\CHANGELOG.md = ..\CHANGELOG.md
	EndProjectSection
EndProject
Project("{2150E333-8FDC-42A3-9474-1A3956D46DE8}") = "Tests", "Tests", "{508E7DA4-4DF2-4201-955D-CCF70C41AD05}"
EndProject
Project("{FAE04EC0-301F-11D3-BF4B-00C04F79EFBC}") = "Common.UnitTests", "Common.UnitTests\Common.UnitTests.csproj", "{F5C77A86-38AF-40E4-82FC-617E624B2754}"
EndProject
Project("{FAE04EC0-301F-11D3-BF4B-00C04F79EFBC}") = "UnitTesting.Common", "UnitTesting.Common\UnitTesting.Common.csproj", "{7154EBD1-642F-4161-AA25-F1DE82E6930E}"
EndProject
Project("{2150E333-8FDC-42A3-9474-1A3956D46DE8}") = "Common", "Common", "{9270A12C-E16F-4932-89C4-F4ADDDA55AF3}"
EndProject
Project("{2150E333-8FDC-42A3-9474-1A3956D46DE8}") = "Subdomains", "Subdomains", "{864DED88-9252-46EB-9D13-00269C7333F9}"
EndProject
Project("{2150E333-8FDC-42A3-9474-1A3956D46DE8}") = "Cars", "Cars", "{57FDFB31-D6B6-4369-A78C-6F3D3AEA0D79}"
EndProject
Project("{2150E333-8FDC-42A3-9474-1A3956D46DE8}") = "Core", "Core", "{33E2D4C7-525A-41CE-858C-F6A944160618}"
EndProject
Project("{2150E333-8FDC-42A3-9474-1A3956D46DE8}") = "UserAccounts", "UserAccounts", "{806F1A7A-5D96-44ED-A9D9-C61660DD5488}"
EndProject
Project("{2150E333-8FDC-42A3-9474-1A3956D46DE8}") = "Organizations", "Organizations", "{2FFC0771-965C-4C3F-9E42-AD871D7EF463}"
EndProject
Project("{2150E333-8FDC-42A3-9474-1A3956D46DE8}") = "Profiles", "Profiles", "{8BB22358-7F43-462F-B26E-D83B9A4711CC}"
EndProject
Project("{2150E333-8FDC-42A3-9474-1A3956D46DE8}") = "Billing", "Billing", "{124D8FF5-43D1-4019-B07C-7F55DC4A1807}"
EndProject
Project("{2150E333-8FDC-42A3-9474-1A3956D46DE8}") = "Ancillary", "Ancillary", "{DC9FFCBD-F591-401C-8D5F-6643CF2C1D19}"
EndProject
Project("{2150E333-8FDC-42A3-9474-1A3956D46DE8}") = "Bookings", "Bookings", "{8BD4E8A7-95BE-43EA-8627-A002D440DFDF}"
EndProject
Project("{2150E333-8FDC-42A3-9474-1A3956D46DE8}") = "Identity", "Identity", "{8B850C5F-D5AB-4992-B343-6501A70ED801}"
EndProject
Project("{2150E333-8FDC-42A3-9474-1A3956D46DE8}") = "Workers", "Workers", "{FE0D2E76-EFF3-4CD4-917A-19CE35874F32}"
EndProject
Project("{2150E333-8FDC-42A3-9474-1A3956D46DE8}") = "Images", "Images", "{ABB5758C-648C-4B18-B261-67510E696545}"
EndProject
Project("{2150E333-8FDC-42A3-9474-1A3956D46DE8}") = "Application", "Application", "{BA1AEAEC-68CD-4855-A8CB-0DC2070B6A8C}"
EndProject
Project("{2150E333-8FDC-42A3-9474-1A3956D46DE8}") = "Domain", "Domain", "{B0C34F8B-61ED-45D9-A21F-92D9219F429F}"
EndProject
Project("{2150E333-8FDC-42A3-9474-1A3956D46DE8}") = "Infrastructure", "Infrastructure", "{0358DED1-114C-4EFB-98C7-3D6B50A127DF}"
EndProject
Project("{2150E333-8FDC-42A3-9474-1A3956D46DE8}") = "Testing", "Testing", "{5838EE94-374F-4A6F-A231-1BC1C87985F4}"
EndProject
Project("{2150E333-8FDC-42A3-9474-1A3956D46DE8}") = "Storage", "Storage", "{E78C7FBE-ADD0-4124-A273-5D5AC0C02B27}"
EndProject
Project("{2150E333-8FDC-42A3-9474-1A3956D46DE8}") = "Api", "Api", "{B68592DF-E8E8-452A-A46F-5C8ECB178FDF}"
EndProject
Global
	GlobalSection(SolutionConfigurationPlatforms) = preSolution
		Debug|Any CPU = Debug|Any CPU
		Release|Any CPU = Release|Any CPU
		ReleaseForDeploy|Any CPU = ReleaseForDeploy|Any CPU
	EndGlobalSection
	GlobalSection(ProjectConfigurationPlatforms) = postSolution
		{6FCBB2DA-C131-4207-878B-B69B5101A25C}.Debug|Any CPU.ActiveCfg = Debug|Any CPU
		{6FCBB2DA-C131-4207-878B-B69B5101A25C}.Debug|Any CPU.Build.0 = Debug|Any CPU
		{6FCBB2DA-C131-4207-878B-B69B5101A25C}.Release|Any CPU.ActiveCfg = Release|Any CPU
		{6FCBB2DA-C131-4207-878B-B69B5101A25C}.Release|Any CPU.Build.0 = Release|Any CPU
		{6FCBB2DA-C131-4207-878B-B69B5101A25C}.ReleaseForDeploy|Any CPU.ActiveCfg = ReleaseForDeploy|Any CPU
		{6FCBB2DA-C131-4207-878B-B69B5101A25C}.ReleaseForDeploy|Any CPU.Build.0 = ReleaseForDeploy|Any CPU
		{F5C77A86-38AF-40E4-82FC-617E624B2754}.Debug|Any CPU.ActiveCfg = Debug|Any CPU
		{F5C77A86-38AF-40E4-82FC-617E624B2754}.Debug|Any CPU.Build.0 = Debug|Any CPU
		{F5C77A86-38AF-40E4-82FC-617E624B2754}.Release|Any CPU.ActiveCfg = Release|Any CPU
		{F5C77A86-38AF-40E4-82FC-617E624B2754}.Release|Any CPU.Build.0 = Release|Any CPU
		{F5C77A86-38AF-40E4-82FC-617E624B2754}.ReleaseForDeploy|Any CPU.ActiveCfg = ReleaseForDeploy|Any CPU
		{F5C77A86-38AF-40E4-82FC-617E624B2754}.ReleaseForDeploy|Any CPU.Build.0 = ReleaseForDeploy|Any CPU
		{7154EBD1-642F-4161-AA25-F1DE82E6930E}.Debug|Any CPU.ActiveCfg = Debug|Any CPU
		{7154EBD1-642F-4161-AA25-F1DE82E6930E}.Debug|Any CPU.Build.0 = Debug|Any CPU
		{7154EBD1-642F-4161-AA25-F1DE82E6930E}.Release|Any CPU.ActiveCfg = Release|Any CPU
		{7154EBD1-642F-4161-AA25-F1DE82E6930E}.Release|Any CPU.Build.0 = Release|Any CPU
		{7154EBD1-642F-4161-AA25-F1DE82E6930E}.ReleaseForDeploy|Any CPU.ActiveCfg = ReleaseForDeploy|Any CPU
		{7154EBD1-642F-4161-AA25-F1DE82E6930E}.ReleaseForDeploy|Any CPU.Build.0 = ReleaseForDeploy|Any CPU
	EndGlobalSection
	GlobalSection(NestedProjects) = preSolution
		{F5C77A86-38AF-40E4-82FC-617E624B2754} = {508E7DA4-4DF2-4201-955D-CCF70C41AD05}
		{6FCBB2DA-C131-4207-878B-B69B5101A25C} = {9270A12C-E16F-4932-89C4-F4ADDDA55AF3}
		{508E7DA4-4DF2-4201-955D-CCF70C41AD05} = {9270A12C-E16F-4932-89C4-F4ADDDA55AF3}
		{57FDFB31-D6B6-4369-A78C-6F3D3AEA0D79} = {864DED88-9252-46EB-9D13-00269C7333F9}
		{806F1A7A-5D96-44ED-A9D9-C61660DD5488} = {33E2D4C7-525A-41CE-858C-F6A944160618}
		{2FFC0771-965C-4C3F-9E42-AD871D7EF463} = {33E2D4C7-525A-41CE-858C-F6A944160618}
		{8BB22358-7F43-462F-B26E-D83B9A4711CC} = {33E2D4C7-525A-41CE-858C-F6A944160618}
		{124D8FF5-43D1-4019-B07C-7F55DC4A1807} = {33E2D4C7-525A-41CE-858C-F6A944160618}
		{DC9FFCBD-F591-401C-8D5F-6643CF2C1D19} = {33E2D4C7-525A-41CE-858C-F6A944160618}
		{8BD4E8A7-95BE-43EA-8627-A002D440DFDF} = {864DED88-9252-46EB-9D13-00269C7333F9}
		{8B850C5F-D5AB-4992-B343-6501A70ED801} = {33E2D4C7-525A-41CE-858C-F6A944160618}
		{FE0D2E76-EFF3-4CD4-917A-19CE35874F32} = {33E2D4C7-525A-41CE-858C-F6A944160618}
		{ABB5758C-648C-4B18-B261-67510E696545} = {33E2D4C7-525A-41CE-858C-F6A944160618}
		{BA1AEAEC-68CD-4855-A8CB-0DC2070B6A8C} = {9270A12C-E16F-4932-89C4-F4ADDDA55AF3}
		{B0C34F8B-61ED-45D9-A21F-92D9219F429F} = {9270A12C-E16F-4932-89C4-F4ADDDA55AF3}
		{0358DED1-114C-4EFB-98C7-3D6B50A127DF} = {9270A12C-E16F-4932-89C4-F4ADDDA55AF3}
		{5838EE94-374F-4A6F-A231-1BC1C87985F4} = {9270A12C-E16F-4932-89C4-F4ADDDA55AF3}
		{7154EBD1-642F-4161-AA25-F1DE82E6930E} = {5838EE94-374F-4A6F-A231-1BC1C87985F4}
		{E78C7FBE-ADD0-4124-A273-5D5AC0C02B27} = {0358DED1-114C-4EFB-98C7-3D6B50A127DF}
		{B68592DF-E8E8-452A-A46F-5C8ECB178FDF} = {0358DED1-114C-4EFB-98C7-3D6B50A127DF}
	EndGlobalSection
EndGlobal
